// !$*UTF8*$!
{
	archiveVersion = 1;
	classes = {
	};
	objectVersion = 46;
	objects = {

/* Begin PBXBuildFile section */
		91115FFA1D97040E00712B14 /* HudView.swift in Sources */ = {isa = PBXBuildFile; fileRef = 91115FF91D97040E00712B14 /* HudView.swift */; };
		91115FFD1D9711F200712B14 /* Model.xcdatamodeld in Sources */ = {isa = PBXBuildFile; fileRef = 91115FFB1D9711F200712B14 /* Model.xcdatamodeld */; };
		9116FE901D9527DD009A5BDA /* DimmingPresentationController.swift in Sources */ = {isa = PBXBuildFile; fileRef = 9116FE8F1D9527DD009A5BDA /* DimmingPresentationController.swift */; };
		9116FE921D95317F009A5BDA /* GradientView.swift in Sources */ = {isa = PBXBuildFile; fileRef = 9116FE911D95317F009A5BDA /* GradientView.swift */; };
		911A3D5A1D94616A0002C0C0 /* NoSearchResultsFound.xib in Resources */ = {isa = PBXBuildFile; fileRef = 911A3D591D94616A0002C0C0 /* NoSearchResultsFound.xib */; };
		911A3D5E1D94656F0002C0C0 /* NoSearchResultsTableViewCell.swift in Sources */ = {isa = PBXBuildFile; fileRef = 911A3D5D1D94656F0002C0C0 /* NoSearchResultsTableViewCell.swift */; };
		911A3D601D9473190002C0C0 /* PlayAudioViewController.swift in Sources */ = {isa = PBXBuildFile; fileRef = 911A3D5F1D9473190002C0C0 /* PlayAudioViewController.swift */; };
		911AB6AC1D9321C7007981DE /* AppDelegate.swift in Sources */ = {isa = PBXBuildFile; fileRef = 911AB6AB1D9321C7007981DE /* AppDelegate.swift */; };
		911AB6AE1D9321C7007981DE /* HomeViewController.swift in Sources */ = {isa = PBXBuildFile; fileRef = 911AB6AD1D9321C7007981DE /* HomeViewController.swift */; };
		911AB6B01D9321C7007981DE /* SearchViewController.swift in Sources */ = {isa = PBXBuildFile; fileRef = 911AB6AF1D9321C7007981DE /* SearchViewController.swift */; };
		911AB6B31D9321C7007981DE /* Main.storyboard in Resources */ = {isa = PBXBuildFile; fileRef = 911AB6B11D9321C7007981DE /* Main.storyboard */; };
		911AB6B51D9321C7007981DE /* Assets.xcassets in Resources */ = {isa = PBXBuildFile; fileRef = 911AB6B41D9321C7007981DE /* Assets.xcassets */; };
		911AB6B81D9321C7007981DE /* LaunchScreen.storyboard in Resources */ = {isa = PBXBuildFile; fileRef = 911AB6B61D9321C7007981DE /* LaunchScreen.storyboard */; };
		911AB6C01D932DF7007981DE /* FavoritesViewController.swift in Sources */ = {isa = PBXBuildFile; fileRef = 911AB6BF1D932DF7007981DE /* FavoritesViewController.swift */; };
		911AB6C61D933526007981DE /* SpotifyClient.swift in Sources */ = {isa = PBXBuildFile; fileRef = 911AB6C51D933526007981DE /* SpotifyClient.swift */; };
		911AB6C81D933551007981DE /* SpotifyConvenience.swift in Sources */ = {isa = PBXBuildFile; fileRef = 911AB6C71D933551007981DE /* SpotifyConvenience.swift */; };
		911AB6CA1D9339FD007981DE /* AudioTrack.swift in Sources */ = {isa = PBXBuildFile; fileRef = 911AB6C91D9339FD007981DE /* AudioTrack.swift */; };
		911AB6CE1D935604007981DE /* AudioTrackResults.swift in Sources */ = {isa = PBXBuildFile; fileRef = 911AB6CD1D935604007981DE /* AudioTrackResults.swift */; };
		911AB6D01D936AE7007981DE /* AudioTrackTableViewCell.swift in Sources */ = {isa = PBXBuildFile; fileRef = 911AB6CF1D936AE7007981DE /* AudioTrackTableViewCell.swift */; };
		911AB6D21D9370D2007981DE /* GCDBlackBox.swift in Sources */ = {isa = PBXBuildFile; fileRef = 911AB6D11D9370D2007981DE /* GCDBlackBox.swift */; };
		911AB6D41D93853E007981DE /* UIImageView+DownloadImage.swift in Sources */ = {isa = PBXBuildFile; fileRef = 911AB6D31D93853E007981DE /* UIImageView+DownloadImage.swift */; };
		915105B41D95C83E003B8B58 /* AnimationController.swift in Sources */ = {isa = PBXBuildFile; fileRef = 915105B31D95C83E003B8B58 /* AnimationController.swift */; };
		915105B61D95D22C003B8B58 /* DismissAnimationController.swift in Sources */ = {isa = PBXBuildFile; fileRef = 915105B51D95D22C003B8B58 /* DismissAnimationController.swift */; };
/* End PBXBuildFile section */

/* Begin PBXFileReference section */
		91115FF91D97040E00712B14 /* HudView.swift */ = {isa = PBXFileReference; fileEncoding = 4; lastKnownFileType = sourcecode.swift; path = HudView.swift; sourceTree = "<group>"; };
		91115FFC1D9711F200712B14 /* Model.xcdatamodel */ = {isa = PBXFileReference; lastKnownFileType = wrapper.xcdatamodel; path = Model.xcdatamodel; sourceTree = "<group>"; };
		9116FE8F1D9527DD009A5BDA /* DimmingPresentationController.swift */ = {isa = PBXFileReference; fileEncoding = 4; lastKnownFileType = sourcecode.swift; path = DimmingPresentationController.swift; sourceTree = "<group>"; };
		9116FE911D95317F009A5BDA /* GradientView.swift */ = {isa = PBXFileReference; fileEncoding = 4; lastKnownFileType = sourcecode.swift; path = GradientView.swift; sourceTree = "<group>"; };
		911A3D591D94616A0002C0C0 /* NoSearchResultsFound.xib */ = {isa = PBXFileReference; fileEncoding = 4; lastKnownFileType = file.xib; path = NoSearchResultsFound.xib; sourceTree = "<group>"; };
		911A3D5D1D94656F0002C0C0 /* NoSearchResultsTableViewCell.swift */ = {isa = PBXFileReference; fileEncoding = 4; lastKnownFileType = sourcecode.swift; path = NoSearchResultsTableViewCell.swift; sourceTree = "<group>"; };
		911A3D5F1D9473190002C0C0 /* PlayAudioViewController.swift */ = {isa = PBXFileReference; fileEncoding = 4; lastKnownFileType = sourcecode.swift; path = PlayAudioViewController.swift; sourceTree = "<group>"; };
		911AB6A81D9321C7007981DE /* Musicly.app */ = {isa = PBXFileReference; explicitFileType = wrapper.application; includeInIndex = 0; path = Musicly.app; sourceTree = BUILT_PRODUCTS_DIR; };
		911AB6AB1D9321C7007981DE /* AppDelegate.swift */ = {isa = PBXFileReference; lastKnownFileType = sourcecode.swift; path = AppDelegate.swift; sourceTree = "<group>"; };
		911AB6AD1D9321C7007981DE /* HomeViewController.swift */ = {isa = PBXFileReference; lastKnownFileType = sourcecode.swift; path = HomeViewController.swift; sourceTree = "<group>"; };
		911AB6AF1D9321C7007981DE /* SearchViewController.swift */ = {isa = PBXFileReference; lastKnownFileType = sourcecode.swift; path = SearchViewController.swift; sourceTree = "<group>"; };
		911AB6B21D9321C7007981DE /* Base */ = {isa = PBXFileReference; lastKnownFileType = file.storyboard; name = Base; path = Base.lproj/Main.storyboard; sourceTree = "<group>"; };
		911AB6B41D9321C7007981DE /* Assets.xcassets */ = {isa = PBXFileReference; lastKnownFileType = folder.assetcatalog; path = Assets.xcassets; sourceTree = "<group>"; };
		911AB6B71D9321C7007981DE /* Base */ = {isa = PBXFileReference; lastKnownFileType = file.storyboard; name = Base; path = Base.lproj/LaunchScreen.storyboard; sourceTree = "<group>"; };
		911AB6B91D9321C7007981DE /* Info.plist */ = {isa = PBXFileReference; lastKnownFileType = text.plist.xml; path = Info.plist; sourceTree = "<group>"; };
		911AB6BF1D932DF7007981DE /* FavoritesViewController.swift */ = {isa = PBXFileReference; fileEncoding = 4; lastKnownFileType = sourcecode.swift; path = FavoritesViewController.swift; sourceTree = "<group>"; };
		911AB6C51D933526007981DE /* SpotifyClient.swift */ = {isa = PBXFileReference; fileEncoding = 4; lastKnownFileType = sourcecode.swift; path = SpotifyClient.swift; sourceTree = "<group>"; };
		911AB6C71D933551007981DE /* SpotifyConvenience.swift */ = {isa = PBXFileReference; fileEncoding = 4; lastKnownFileType = sourcecode.swift; path = SpotifyConvenience.swift; sourceTree = "<group>"; };
		911AB6C91D9339FD007981DE /* AudioTrack.swift */ = {isa = PBXFileReference; fileEncoding = 4; lastKnownFileType = sourcecode.swift; path = AudioTrack.swift; sourceTree = "<group>"; };
		911AB6CD1D935604007981DE /* AudioTrackResults.swift */ = {isa = PBXFileReference; fileEncoding = 4; lastKnownFileType = sourcecode.swift; path = AudioTrackResults.swift; sourceTree = "<group>"; };
		911AB6CF1D936AE7007981DE /* AudioTrackTableViewCell.swift */ = {isa = PBXFileReference; fileEncoding = 4; lastKnownFileType = sourcecode.swift; path = AudioTrackTableViewCell.swift; sourceTree = "<group>"; };
		911AB6D11D9370D2007981DE /* GCDBlackBox.swift */ = {isa = PBXFileReference; fileEncoding = 4; lastKnownFileType = sourcecode.swift; path = GCDBlackBox.swift; sourceTree = "<group>"; };
		911AB6D31D93853E007981DE /* UIImageView+DownloadImage.swift */ = {isa = PBXFileReference; fileEncoding = 4; lastKnownFileType = sourcecode.swift; path = "UIImageView+DownloadImage.swift"; sourceTree = "<group>"; };
		915105B31D95C83E003B8B58 /* AnimationController.swift */ = {isa = PBXFileReference; fileEncoding = 4; lastKnownFileType = sourcecode.swift; path = AnimationController.swift; sourceTree = "<group>"; };
		915105B51D95D22C003B8B58 /* DismissAnimationController.swift */ = {isa = PBXFileReference; fileEncoding = 4; lastKnownFileType = sourcecode.swift; path = DismissAnimationController.swift; sourceTree = "<group>"; };
/* End PBXFileReference section */

/* Begin PBXFrameworksBuildPhase section */
		911AB6A51D9321C7007981DE /* Frameworks */ = {
			isa = PBXFrameworksBuildPhase;
			buildActionMask = 2147483647;
			files = (
			);
			runOnlyForDeploymentPostprocessing = 0;
		};
/* End PBXFrameworksBuildPhase section */

/* Begin PBXGroup section */
		911AB69F1D9321C7007981DE = {
			isa = PBXGroup;
			children = (
				911AB6AA1D9321C7007981DE /* Musicly */,
				911AB6A91D9321C7007981DE /* Products */,
			);
			sourceTree = "<group>";
		};
		911AB6A91D9321C7007981DE /* Products */ = {
			isa = PBXGroup;
			children = (
				911AB6A81D9321C7007981DE /* Musicly.app */,
			);
			name = Products;
			sourceTree = "<group>";
		};
		911AB6AA1D9321C7007981DE /* Musicly */ = {
			isa = PBXGroup;
			children = (
				911AB6C41D933512007981DE /* Spotify */,
				911AB6C31D932E17007981DE /* View */,
				911AB6C21D932E10007981DE /* Model */,
				911AB6C11D932E0A007981DE /* Controller */,
				911AB6AB1D9321C7007981DE /* AppDelegate.swift */,
				911AB6B41D9321C7007981DE /* Assets.xcassets */,
				911AB6B91D9321C7007981DE /* Info.plist */,
				911AB6D11D9370D2007981DE /* GCDBlackBox.swift */,
			);
			path = Musicly;
			sourceTree = "<group>";
		};
		911AB6C11D932E0A007981DE /* Controller */ = {
			isa = PBXGroup;
			children = (
				911AB6AD1D9321C7007981DE /* HomeViewController.swift */,
				911AB6AF1D9321C7007981DE /* SearchViewController.swift */,
				911AB6BF1D932DF7007981DE /* FavoritesViewController.swift */,
				911A3D5F1D9473190002C0C0 /* PlayAudioViewController.swift */,
			);
			name = Controller;
			sourceTree = "<group>";
		};
		911AB6C21D932E10007981DE /* Model */ = {
			isa = PBXGroup;
			children = (
				911AB6C91D9339FD007981DE /* AudioTrack.swift */,
				911AB6CD1D935604007981DE /* AudioTrackResults.swift */,
				911AB6CF1D936AE7007981DE /* AudioTrackTableViewCell.swift */,
				911A3D5D1D94656F0002C0C0 /* NoSearchResultsTableViewCell.swift */,
				91115FFB1D9711F200712B14 /* Model.xcdatamodeld */,
			);
			name = Model;
			sourceTree = "<group>";
		};
		911AB6C31D932E17007981DE /* View */ = {
			isa = PBXGroup;
			children = (
				911AB6B11D9321C7007981DE /* Main.storyboard */,
				911AB6B61D9321C7007981DE /* LaunchScreen.storyboard */,
				911AB6D31D93853E007981DE /* UIImageView+DownloadImage.swift */,
				911A3D591D94616A0002C0C0 /* NoSearchResultsFound.xib */,
				9116FE8F1D9527DD009A5BDA /* DimmingPresentationController.swift */,
				9116FE911D95317F009A5BDA /* GradientView.swift */,
				915105B31D95C83E003B8B58 /* AnimationController.swift */,
				915105B51D95D22C003B8B58 /* DismissAnimationController.swift */,
				91115FF91D97040E00712B14 /* HudView.swift */,
			);
			name = View;
			sourceTree = "<group>";
		};
		911AB6C41D933512007981DE /* Spotify */ = {
			isa = PBXGroup;
			children = (
				911AB6C51D933526007981DE /* SpotifyClient.swift */,
				911AB6C71D933551007981DE /* SpotifyConvenience.swift */,
			);
			name = Spotify;
			sourceTree = "<group>";
		};
/* End PBXGroup section */

/* Begin PBXNativeTarget section */
		911AB6A71D9321C7007981DE /* Musicly */ = {
			isa = PBXNativeTarget;
			buildConfigurationList = 911AB6BC1D9321C7007981DE /* Build configuration list for PBXNativeTarget "Musicly" */;
			buildPhases = (
				911AB6A41D9321C7007981DE /* Sources */,
				911AB6A51D9321C7007981DE /* Frameworks */,
				911AB6A61D9321C7007981DE /* Resources */,
			);
			buildRules = (
			);
			dependencies = (
			);
			name = Musicly;
			productName = Musicly;
			productReference = 911AB6A81D9321C7007981DE /* Musicly.app */;
			productType = "com.apple.product-type.application";
		};
/* End PBXNativeTarget section */

/* Begin PBXProject section */
		911AB6A01D9321C7007981DE /* Project object */ = {
			isa = PBXProject;
			attributes = {
				LastSwiftUpdateCheck = 0800;
				LastUpgradeCheck = 0800;
				ORGANIZATIONNAME = SeanPerez;
				TargetAttributes = {
					911AB6A71D9321C7007981DE = {
						CreatedOnToolsVersion = 8.0;
						DevelopmentTeam = PW5CGBBSUC;
						ProvisioningStyle = Automatic;
					};
				};
			};
			buildConfigurationList = 911AB6A31D9321C7007981DE /* Build configuration list for PBXProject "Musicly" */;
			compatibilityVersion = "Xcode 3.2";
			developmentRegion = English;
			hasScannedForEncodings = 0;
			knownRegions = (
				en,
				Base,
			);
			mainGroup = 911AB69F1D9321C7007981DE;
			productRefGroup = 911AB6A91D9321C7007981DE /* Products */;
			projectDirPath = "";
			projectRoot = "";
			targets = (
				911AB6A71D9321C7007981DE /* Musicly */,
			);
		};
/* End PBXProject section */

/* Begin PBXResourcesBuildPhase section */
		911AB6A61D9321C7007981DE /* Resources */ = {
			isa = PBXResourcesBuildPhase;
			buildActionMask = 2147483647;
			files = (
				911AB6B81D9321C7007981DE /* LaunchScreen.storyboard in Resources */,
				911AB6B51D9321C7007981DE /* Assets.xcassets in Resources */,
				911A3D5A1D94616A0002C0C0 /* NoSearchResultsFound.xib in Resources */,
				911AB6B31D9321C7007981DE /* Main.storyboard in Resources */,
			);
			runOnlyForDeploymentPostprocessing = 0;
		};
/* End PBXResourcesBuildPhase section */

/* Begin PBXSourcesBuildPhase section */
		911AB6A41D9321C7007981DE /* Sources */ = {
			isa = PBXSourcesBuildPhase;
			buildActionMask = 2147483647;
			files = (
				911AB6C81D933551007981DE /* SpotifyConvenience.swift in Sources */,
				9116FE901D9527DD009A5BDA /* DimmingPresentationController.swift in Sources */,
				9116FE921D95317F009A5BDA /* GradientView.swift in Sources */,
				911A3D5E1D94656F0002C0C0 /* NoSearchResultsTableViewCell.swift in Sources */,
				911AB6B01D9321C7007981DE /* SearchViewController.swift in Sources */,
				911AB6AC1D9321C7007981DE /* AppDelegate.swift in Sources */,
				911AB6C01D932DF7007981DE /* FavoritesViewController.swift in Sources */,
				911A3D601D9473190002C0C0 /* PlayAudioViewController.swift in Sources */,
				91115FFA1D97040E00712B14 /* HudView.swift in Sources */,
				915105B41D95C83E003B8B58 /* AnimationController.swift in Sources */,
				911AB6D21D9370D2007981DE /* GCDBlackBox.swift in Sources */,
				911AB6CE1D935604007981DE /* AudioTrackResults.swift in Sources */,
				911AB6D01D936AE7007981DE /* AudioTrackTableViewCell.swift in Sources */,
				915105B61D95D22C003B8B58 /* DismissAnimationController.swift in Sources */,
				911AB6C61D933526007981DE /* SpotifyClient.swift in Sources */,
				911AB6AE1D9321C7007981DE /* HomeViewController.swift in Sources */,
				911AB6CA1D9339FD007981DE /* AudioTrack.swift in Sources */,
				91115FFD1D9711F200712B14 /* Model.xcdatamodeld in Sources */,
				911AB6D41D93853E007981DE /* UIImageView+DownloadImage.swift in Sources */,
			);
			runOnlyForDeploymentPostprocessing = 0;
		};
/* End PBXSourcesBuildPhase section */

/* Begin PBXVariantGroup section */
		911AB6B11D9321C7007981DE /* Main.storyboard */ = {
			isa = PBXVariantGroup;
			children = (
				911AB6B21D9321C7007981DE /* Base */,
			);
			name = Main.storyboard;
			sourceTree = "<group>";
		};
		911AB6B61D9321C7007981DE /* LaunchScreen.storyboard */ = {
			isa = PBXVariantGroup;
			children = (
				911AB6B71D9321C7007981DE /* Base */,
			);
			name = LaunchScreen.storyboard;
			sourceTree = "<group>";
		};
/* End PBXVariantGroup section */

/* Begin XCBuildConfiguration section */
		911AB6BA1D9321C7007981DE /* Debug */ = {
			isa = XCBuildConfiguration;
			buildSettings = {
				ALWAYS_SEARCH_USER_PATHS = NO;
				CLANG_ANALYZER_NONNULL = YES;
				CLANG_CXX_LANGUAGE_STANDARD = "gnu++0x";
				CLANG_CXX_LIBRARY = "libc++";
				CLANG_ENABLE_MODULES = YES;
				CLANG_ENABLE_OBJC_ARC = YES;
				CLANG_WARN_BOOL_CONVERSION = YES;
				CLANG_WARN_CONSTANT_CONVERSION = YES;
				CLANG_WARN_DIRECT_OBJC_ISA_USAGE = YES_ERROR;
				CLANG_WARN_DOCUMENTATION_COMMENTS = YES;
				CLANG_WARN_EMPTY_BODY = YES;
				CLANG_WARN_ENUM_CONVERSION = YES;
				CLANG_WARN_INFINITE_RECURSION = YES;
				CLANG_WARN_INT_CONVERSION = YES;
				CLANG_WARN_OBJC_ROOT_CLASS = YES_ERROR;
				CLANG_WARN_SUSPICIOUS_MOVES = YES;
				CLANG_WARN_UNREACHABLE_CODE = YES;
				CLANG_WARN__DUPLICATE_METHOD_MATCH = YES;
				"CODE_SIGN_IDENTITY[sdk=iphoneos*]" = "iPhone Developer";
				COPY_PHASE_STRIP = NO;
				DEBUG_INFORMATION_FORMAT = dwarf;
				ENABLE_STRICT_OBJC_MSGSEND = YES;
				ENABLE_TESTABILITY = YES;
				GCC_C_LANGUAGE_STANDARD = gnu99;
				GCC_DYNAMIC_NO_PIC = NO;
				GCC_NO_COMMON_BLOCKS = YES;
				GCC_OPTIMIZATION_LEVEL = 0;
				GCC_PREPROCESSOR_DEFINITIONS = (
					"DEBUG=1",
					"$(inherited)",
				);
				GCC_WARN_64_TO_32_BIT_CONVERSION = YES;
				GCC_WARN_ABOUT_RETURN_TYPE = YES_ERROR;
				GCC_WARN_UNDECLARED_SELECTOR = YES;
				GCC_WARN_UNINITIALIZED_AUTOS = YES_AGGRESSIVE;
				GCC_WARN_UNUSED_FUNCTION = YES;
				GCC_WARN_UNUSED_VARIABLE = YES;
				IPHONEOS_DEPLOYMENT_TARGET = 10.0;
				MTL_ENABLE_DEBUG_INFO = YES;
				ONLY_ACTIVE_ARCH = YES;
				SDKROOT = iphoneos;
				SWIFT_ACTIVE_COMPILATION_CONDITIONS = DEBUG;
				SWIFT_OPTIMIZATION_LEVEL = "-Onone";
			};
			name = Debug;
		};
		911AB6BB1D9321C7007981DE /* Release */ = {
			isa = XCBuildConfiguration;
			buildSettings = {
				ALWAYS_SEARCH_USER_PATHS = NO;
				CLANG_ANALYZER_NONNULL = YES;
				CLANG_CXX_LANGUAGE_STANDARD = "gnu++0x";
				CLANG_CXX_LIBRARY = "libc++";
				CLANG_ENABLE_MODULES = YES;
				CLANG_ENABLE_OBJC_ARC = YES;
				CLANG_WARN_BOOL_CONVERSION = YES;
				CLANG_WARN_CONSTANT_CONVERSION = YES;
				CLANG_WARN_DIRECT_OBJC_ISA_USAGE = YES_ERROR;
				CLANG_WARN_DOCUMENTATION_COMMENTS = YES;
				CLANG_WARN_EMPTY_BODY = YES;
				CLANG_WARN_ENUM_CONVERSION = YES;
				CLANG_WARN_INFINITE_RECURSION = YES;
				CLANG_WARN_INT_CONVERSION = YES;
				CLANG_WARN_OBJC_ROOT_CLASS = YES_ERROR;
				CLANG_WARN_SUSPICIOUS_MOVES = YES;
				CLANG_WARN_UNREACHABLE_CODE = YES;
				CLANG_WARN__DUPLICATE_METHOD_MATCH = YES;
				"CODE_SIGN_IDENTITY[sdk=iphoneos*]" = "iPhone Developer";
				COPY_PHASE_STRIP = NO;
				DEBUG_INFORMATION_FORMAT = "dwarf-with-dsym";
				ENABLE_NS_ASSERTIONS = NO;
				ENABLE_STRICT_OBJC_MSGSEND = YES;
				GCC_C_LANGUAGE_STANDARD = gnu99;
				GCC_NO_COMMON_BLOCKS = YES;
				GCC_WARN_64_TO_32_BIT_CONVERSION = YES;
				GCC_WARN_ABOUT_RETURN_TYPE = YES_ERROR;
				GCC_WARN_UNDECLARED_SELECTOR = YES;
				GCC_WARN_UNINITIALIZED_AUTOS = YES_AGGRESSIVE;
				GCC_WARN_UNUSED_FUNCTION = YES;
				GCC_WARN_UNUSED_VARIABLE = YES;
				IPHONEOS_DEPLOYMENT_TARGET = 10.0;
				MTL_ENABLE_DEBUG_INFO = NO;
				SDKROOT = iphoneos;
				SWIFT_OPTIMIZATION_LEVEL = "-Owholemodule";
				VALIDATE_PRODUCT = YES;
			};
			name = Release;
		};
		911AB6BD1D9321C7007981DE /* Debug */ = {
			isa = XCBuildConfiguration;
			buildSettings = {
				ASSETCATALOG_COMPILER_APPICON_NAME = AppIcon;
				DEVELOPMENT_TEAM = PW5CGBBSUC;
				INFOPLIST_FILE = Musicly/Info.plist;
				LD_RUNPATH_SEARCH_PATHS = "$(inherited) @executable_path/Frameworks";
				PRODUCT_BUNDLE_IDENTIFIER = com.SeanPerez.Musicly;
				PRODUCT_NAME = "$(TARGET_NAME)";
				SWIFT_VERSION = 3.0;
			};
			name = Debug;
		};
		911AB6BE1D9321C7007981DE /* Release */ = {
			isa = XCBuildConfiguration;
			buildSettings = {
				ASSETCATALOG_COMPILER_APPICON_NAME = AppIcon;
				DEVELOPMENT_TEAM = PW5CGBBSUC;
				INFOPLIST_FILE = Musicly/Info.plist;
				LD_RUNPATH_SEARCH_PATHS = "$(inherited) @executable_path/Frameworks";
				PRODUCT_BUNDLE_IDENTIFIER = com.SeanPerez.Musicly;
				PRODUCT_NAME = "$(TARGET_NAME)";
				SWIFT_VERSION = 3.0;
			};
			name = Release;
		};
/* End XCBuildConfiguration section */

/* Begin XCConfigurationList section */
		911AB6A31D9321C7007981DE /* Build configuration list for PBXProject "Musicly" */ = {
			isa = XCConfigurationList;
			buildConfigurations = (
				911AB6BA1D9321C7007981DE /* Debug */,
				911AB6BB1D9321C7007981DE /* Release */,
			);
			defaultConfigurationIsVisible = 0;
			defaultConfigurationName = Release;
		};
		911AB6BC1D9321C7007981DE /* Build configuration list for PBXNativeTarget "Musicly" */ = {
			isa = XCConfigurationList;
			buildConfigurations = (
				911AB6BD1D9321C7007981DE /* Debug */,
				911AB6BE1D9321C7007981DE /* Release */,
			);
			defaultConfigurationIsVisible = 0;
			defaultConfigurationName = Release;
		};
/* End XCConfigurationList section */

/* Begin XCVersionGroup section */
		91115FFB1D9711F200712B14 /* Model.xcdatamodeld */ = {
			isa = XCVersionGroup;
			children = (
				91115FFC1D9711F200712B14 /* Model.xcdatamodel */,
			);
			currentVersion = 91115FFC1D9711F200712B14 /* Model.xcdatamodel */;
			path = Model.xcdatamodeld;
			sourceTree = "<group>";
			versionGroupType = wrapper.xcdatamodel;
		};
/* End XCVersionGroup section */
	};
	rootObject = 911AB6A01D9321C7007981DE /* Project object */;
}
