// !$*UTF8*$!
{
	archiveVersion = 1;
	classes = {
	};
	objectVersion = 46;
	objects = {

/* Begin PBXBuildFile section */
		91115FFA1D97040E00712B14 /* HudView.swift in Sources */ = {isa = PBXBuildFile; fileRef = 91115FF91D97040E00712B14 /* HudView.swift */; };
		91115FFD1D9711F200712B14 /* Model.xcdatamodeld in Sources */ = {isa = PBXBuildFile; fileRef = 91115FFB1D9711F200712B14 /* Model.xcdatamodeld */; };
		9116FE901D9527DD009A5BDA /* DimmingPresentationController.swift in Sources */ = {isa = PBXBuildFile; fileRef = 9116FE8F1D9527DD009A5BDA /* DimmingPresentationController.swift */; };
		9116FE921D95317F009A5BDA /* GradientView.swift in Sources */ = {isa = PBXBuildFile; fileRef = 9116FE911D95317F009A5BDA /* GradientView.swift */; };
		91179D941D98722400A7B9A0 /* FavoritesTableViewCell.swift in Sources */ = {isa = PBXBuildFile; fileRef = 91179D931D98722400A7B9A0 /* FavoritesTableViewCell.swift */; };
		911A3D5A1D94616A0002C0C0 /* NoSearchResultsFound.xib in Resources */ = {isa = PBXBuildFile; fileRef = 911A3D591D94616A0002C0C0 /* NoSearchResultsFound.xib */; };
		911A3D5E1D94656F0002C0C0 /* NoSearchResultsTableViewCell.swift in Sources */ = {isa = PBXBuildFile; fileRef = 911A3D5D1D94656F0002C0C0 /* NoSearchResultsTableViewCell.swift */; };
		911A3D601D9473190002C0C0 /* PlayAudioViewController.swift in Sources */ = {isa = PBXBuildFile; fileRef = 911A3D5F1D9473190002C0C0 /* PlayAudioViewController.swift */; };
		911AB6AC1D9321C7007981DE /* AppDelegate.swift in Sources */ = {isa = PBXBuildFile; fileRef = 911AB6AB1D9321C7007981DE /* AppDelegate.swift */; };
		911AB6AE1D9321C7007981DE /* HomeViewController.swift in Sources */ = {isa = PBXBuildFile; fileRef = 911AB6AD1D9321C7007981DE /* HomeViewController.swift */; };
		911AB6B01D9321C7007981DE /* SearchViewController.swift in Sources */ = {isa = PBXBuildFile; fileRef = 911AB6AF1D9321C7007981DE /* SearchViewController.swift */; };
		911AB6B31D9321C7007981DE /* Main.storyboard in Resources */ = {isa = PBXBuildFile; fileRef = 911AB6B11D9321C7007981DE /* Main.storyboard */; };
		911AB6B51D9321C7007981DE /* Assets.xcassets in Resources */ = {isa = PBXBuildFile; fileRef = 911AB6B41D9321C7007981DE /* Assets.xcassets */; };
		911AB6B81D9321C7007981DE /* LaunchScreen.storyboard in Resources */ = {isa = PBXBuildFile; fileRef = 911AB6B61D9321C7007981DE /* LaunchScreen.storyboard */; };
		911AB6C01D932DF7007981DE /* FavoritesViewController.swift in Sources */ = {isa = PBXBuildFile; fileRef = 911AB6BF1D932DF7007981DE /* FavoritesViewController.swift */; };
		911AB6C61D933526007981DE /* SpotifyClient.swift in Sources */ = {isa = PBXBuildFile; fileRef = 911AB6C51D933526007981DE /* SpotifyClient.swift */; };
		911AB6C81D933551007981DE /* SpotifyConvenience.swift in Sources */ = {isa = PBXBuildFile; fileRef = 911AB6C71D933551007981DE /* SpotifyConvenience.swift */; };
		911AB6CA1D9339FD007981DE /* AudioTrack.swift in Sources */ = {isa = PBXBuildFile; fileRef = 911AB6C91D9339FD007981DE /* AudioTrack.swift */; };
		911AB6CE1D935604007981DE /* AudioTrackResults.swift in Sources */ = {isa = PBXBuildFile; fileRef = 911AB6CD1D935604007981DE /* AudioTrackResults.swift */; };
		911AB6D01D936AE7007981DE /* AudioTrackTableViewCell.swift in Sources */ = {isa = PBXBuildFile; fileRef = 911AB6CF1D936AE7007981DE /* AudioTrackTableViewCell.swift */; };
		911AB6D21D9370D2007981DE /* GCDBlackBox.swift in Sources */ = {isa = PBXBuildFile; fileRef = 911AB6D11D9370D2007981DE /* GCDBlackBox.swift */; };
		912A81181D97A3CD0066AB27 /* RecentlyPlayed+CoreDataClass.swift in Sources */ = {isa = PBXBuildFile; fileRef = 912A81121D97A3CD0066AB27 /* RecentlyPlayed+CoreDataClass.swift */; };
		912A81191D97A3CD0066AB27 /* RecentlyPlayed+CoreDataProperties.swift in Sources */ = {isa = PBXBuildFile; fileRef = 912A81131D97A3CD0066AB27 /* RecentlyPlayed+CoreDataProperties.swift */; };
		912A811A1D97A3CD0066AB27 /* Favorited+CoreDataClass.swift in Sources */ = {isa = PBXBuildFile; fileRef = 912A81141D97A3CD0066AB27 /* Favorited+CoreDataClass.swift */; };
		912A811B1D97A3CD0066AB27 /* Favorited+CoreDataProperties.swift in Sources */ = {isa = PBXBuildFile; fileRef = 912A81151D97A3CD0066AB27 /* Favorited+CoreDataProperties.swift */; };
		912A811C1D97A3CD0066AB27 /* ArtistTrack+CoreDataClass.swift in Sources */ = {isa = PBXBuildFile; fileRef = 912A81161D97A3CD0066AB27 /* ArtistTrack+CoreDataClass.swift */; };
		912A811D1D97A3CD0066AB27 /* ArtistTrack+CoreDataProperties.swift in Sources */ = {isa = PBXBuildFile; fileRef = 912A81171D97A3CD0066AB27 /* ArtistTrack+CoreDataProperties.swift */; };
		912A81201D97B0CC0066AB27 /* CoreDataStack.swift in Sources */ = {isa = PBXBuildFile; fileRef = 912A811F1D97B0CC0066AB27 /* CoreDataStack.swift */; };
		91366BF51D9C8A610025E83C /* Constants.swift in Sources */ = {isa = PBXBuildFile; fileRef = 91366BF41D9C8A610025E83C /* Constants.swift */; };
		913941F91D9EB2370006F3F2 /* Rechability.swift in Sources */ = {isa = PBXBuildFile; fileRef = 913941F81D9EB2370006F3F2 /* Rechability.swift */; };
		913941FB1D9EC7BC0006F3F2 /* RechabilityConvenience.swift in Sources */ = {isa = PBXBuildFile; fileRef = 913941FA1D9EC7BC0006F3F2 /* RechabilityConvenience.swift */; };
		913941FD1D9EEC220006F3F2 /* ShowErrorAlert.swift in Sources */ = {isa = PBXBuildFile; fileRef = 913941FC1D9EEC220006F3F2 /* ShowErrorAlert.swift */; };
		91426FE81E7608F900A719FB /* RoundedView.swift in Sources */ = {isa = PBXBuildFile; fileRef = 91426FE71E7608F900A719FB /* RoundedView.swift */; };
		91441C5C1D9A1F4F00399D2F /* CategoriesCell.swift in Sources */ = {isa = PBXBuildFile; fileRef = 91441C5B1D9A1F4F00399D2F /* CategoriesCell.swift */; };
		91441C5E1D9A252F00399D2F /* Category.swift in Sources */ = {isa = PBXBuildFile; fileRef = 91441C5D1D9A252F00399D2F /* Category.swift */; };
		91441C601D9A260800399D2F /* Catalog.swift in Sources */ = {isa = PBXBuildFile; fileRef = 91441C5F1D9A260800399D2F /* Catalog.swift */; };
		91441C621D9A2BB200399D2F /* SongCell.swift in Sources */ = {isa = PBXBuildFile; fileRef = 91441C611D9A2BB200399D2F /* SongCell.swift */; };
		915105B41D95C83E003B8B58 /* AnimationController.swift in Sources */ = {isa = PBXBuildFile; fileRef = 915105B31D95C83E003B8B58 /* AnimationController.swift */; };
		915105B61D95D22C003B8B58 /* DismissAnimationController.swift in Sources */ = {isa = PBXBuildFile; fileRef = 915105B51D95D22C003B8B58 /* DismissAnimationController.swift */; };
		916243B29C2A267AB288045F /* Pods_Musicly.framework in Frameworks */ = {isa = PBXBuildFile; fileRef = 79D93D5BD8AF6C5396C0C7CB /* Pods_Musicly.framework */; };
/* End PBXBuildFile section */

/* Begin PBXFileReference section */
		465FC421F5BD527259F61DE3 /* Pods-Musicly.release.xcconfig */ = {isa = PBXFileReference; includeInIndex = 1; lastKnownFileType = text.xcconfig; name = "Pods-Musicly.release.xcconfig"; path = "Pods/Target Support Files/Pods-Musicly/Pods-Musicly.release.xcconfig"; sourceTree = "<group>"; };
		60197B5A1CFF6DA6F1F96A36 /* Pods-Musicly.debug.xcconfig */ = {isa = PBXFileReference; includeInIndex = 1; lastKnownFileType = text.xcconfig; name = "Pods-Musicly.debug.xcconfig"; path = "Pods/Target Support Files/Pods-Musicly/Pods-Musicly.debug.xcconfig"; sourceTree = "<group>"; };
		79D93D5BD8AF6C5396C0C7CB /* Pods_Musicly.framework */ = {isa = PBXFileReference; explicitFileType = wrapper.framework; includeInIndex = 0; path = Pods_Musicly.framework; sourceTree = BUILT_PRODUCTS_DIR; };
		91115FF91D97040E00712B14 /* HudView.swift */ = {isa = PBXFileReference; fileEncoding = 4; lastKnownFileType = sourcecode.swift; path = HudView.swift; sourceTree = "<group>"; };
		91115FFC1D9711F200712B14 /* Model.xcdatamodel */ = {isa = PBXFileReference; lastKnownFileType = wrapper.xcdatamodel; path = Model.xcdatamodel; sourceTree = "<group>"; };
		9116FE8F1D9527DD009A5BDA /* DimmingPresentationController.swift */ = {isa = PBXFileReference; fileEncoding = 4; lastKnownFileType = sourcecode.swift; path = DimmingPresentationController.swift; sourceTree = "<group>"; };
		9116FE911D95317F009A5BDA /* GradientView.swift */ = {isa = PBXFileReference; fileEncoding = 4; lastKnownFileType = sourcecode.swift; path = GradientView.swift; sourceTree = "<group>"; };
		91179D931D98722400A7B9A0 /* FavoritesTableViewCell.swift */ = {isa = PBXFileReference; fileEncoding = 4; lastKnownFileType = sourcecode.swift; path = FavoritesTableViewCell.swift; sourceTree = "<group>"; };
		911A3D591D94616A0002C0C0 /* NoSearchResultsFound.xib */ = {isa = PBXFileReference; fileEncoding = 4; lastKnownFileType = file.xib; path = NoSearchResultsFound.xib; sourceTree = "<group>"; };
		911A3D5D1D94656F0002C0C0 /* NoSearchResultsTableViewCell.swift */ = {isa = PBXFileReference; fileEncoding = 4; lastKnownFileType = sourcecode.swift; path = NoSearchResultsTableViewCell.swift; sourceTree = "<group>"; };
		911A3D5F1D9473190002C0C0 /* PlayAudioViewController.swift */ = {isa = PBXFileReference; fileEncoding = 4; lastKnownFileType = sourcecode.swift; path = PlayAudioViewController.swift; sourceTree = "<group>"; };
		911AB6A81D9321C7007981DE /* Musicly.app */ = {isa = PBXFileReference; explicitFileType = wrapper.application; includeInIndex = 0; path = Musicly.app; sourceTree = BUILT_PRODUCTS_DIR; };
		911AB6AB1D9321C7007981DE /* AppDelegate.swift */ = {isa = PBXFileReference; lastKnownFileType = sourcecode.swift; path = AppDelegate.swift; sourceTree = "<group>"; };
		911AB6AD1D9321C7007981DE /* HomeViewController.swift */ = {isa = PBXFileReference; lastKnownFileType = sourcecode.swift; path = HomeViewController.swift; sourceTree = "<group>"; };
		911AB6AF1D9321C7007981DE /* SearchViewController.swift */ = {isa = PBXFileReference; lastKnownFileType = sourcecode.swift; path = SearchViewController.swift; sourceTree = "<group>"; };
		911AB6B21D9321C7007981DE /* Base */ = {isa = PBXFileReference; lastKnownFileType = file.storyboard; name = Base; path = Base.lproj/Main.storyboard; sourceTree = "<group>"; };
		911AB6B41D9321C7007981DE /* Assets.xcassets */ = {isa = PBXFileReference; lastKnownFileType = folder.assetcatalog; path = Assets.xcassets; sourceTree = "<group>"; };
		911AB6B71D9321C7007981DE /* Base */ = {isa = PBXFileReference; lastKnownFileType = file.storyboard; name = Base; path = Base.lproj/LaunchScreen.storyboard; sourceTree = "<group>"; };
		911AB6B91D9321C7007981DE /* Info.plist */ = {isa = PBXFileReference; lastKnownFileType = text.plist.xml; path = Info.plist; sourceTree = "<group>"; };
		911AB6BF1D932DF7007981DE /* FavoritesViewController.swift */ = {isa = PBXFileReference; fileEncoding = 4; lastKnownFileType = sourcecode.swift; path = FavoritesViewController.swift; sourceTree = "<group>"; };
		911AB6C51D933526007981DE /* SpotifyClient.swift */ = {isa = PBXFileReference; fileEncoding = 4; lastKnownFileType = sourcecode.swift; path = SpotifyClient.swift; sourceTree = "<group>"; };
		911AB6C71D933551007981DE /* SpotifyConvenience.swift */ = {isa = PBXFileReference; fileEncoding = 4; lastKnownFileType = sourcecode.swift; path = SpotifyConvenience.swift; sourceTree = "<group>"; };
		911AB6C91D9339FD007981DE /* AudioTrack.swift */ = {isa = PBXFileReference; fileEncoding = 4; lastKnownFileType = sourcecode.swift; path = AudioTrack.swift; sourceTree = "<group>"; };
		911AB6CD1D935604007981DE /* AudioTrackResults.swift */ = {isa = PBXFileReference; fileEncoding = 4; lastKnownFileType = sourcecode.swift; path = AudioTrackResults.swift; sourceTree = "<group>"; };
		911AB6CF1D936AE7007981DE /* AudioTrackTableViewCell.swift */ = {isa = PBXFileReference; fileEncoding = 4; lastKnownFileType = sourcecode.swift; path = AudioTrackTableViewCell.swift; sourceTree = "<group>"; };
		911AB6D11D9370D2007981DE /* GCDBlackBox.swift */ = {isa = PBXFileReference; fileEncoding = 4; lastKnownFileType = sourcecode.swift; path = GCDBlackBox.swift; sourceTree = "<group>"; };
		912A81121D97A3CD0066AB27 /* RecentlyPlayed+CoreDataClass.swift */ = {isa = PBXFileReference; fileEncoding = 4; lastKnownFileType = sourcecode.swift; name = "RecentlyPlayed+CoreDataClass.swift"; path = "../RecentlyPlayed+CoreDataClass.swift"; sourceTree = "<group>"; };
		912A81131D97A3CD0066AB27 /* RecentlyPlayed+CoreDataProperties.swift */ = {isa = PBXFileReference; fileEncoding = 4; lastKnownFileType = sourcecode.swift; name = "RecentlyPlayed+CoreDataProperties.swift"; path = "../RecentlyPlayed+CoreDataProperties.swift"; sourceTree = "<group>"; };
		912A81141D97A3CD0066AB27 /* Favorited+CoreDataClass.swift */ = {isa = PBXFileReference; fileEncoding = 4; lastKnownFileType = sourcecode.swift; name = "Favorited+CoreDataClass.swift"; path = "../Favorited+CoreDataClass.swift"; sourceTree = "<group>"; };
		912A81151D97A3CD0066AB27 /* Favorited+CoreDataProperties.swift */ = {isa = PBXFileReference; fileEncoding = 4; lastKnownFileType = sourcecode.swift; name = "Favorited+CoreDataProperties.swift"; path = "../Favorited+CoreDataProperties.swift"; sourceTree = "<group>"; };
		912A81161D97A3CD0066AB27 /* ArtistTrack+CoreDataClass.swift */ = {isa = PBXFileReference; fileEncoding = 4; lastKnownFileType = sourcecode.swift; name = "ArtistTrack+CoreDataClass.swift"; path = "../ArtistTrack+CoreDataClass.swift"; sourceTree = "<group>"; };
		912A81171D97A3CD0066AB27 /* ArtistTrack+CoreDataProperties.swift */ = {isa = PBXFileReference; fileEncoding = 4; lastKnownFileType = sourcecode.swift; name = "ArtistTrack+CoreDataProperties.swift"; path = "../ArtistTrack+CoreDataProperties.swift"; sourceTree = "<group>"; };
		912A811F1D97B0CC0066AB27 /* CoreDataStack.swift */ = {isa = PBXFileReference; fileEncoding = 4; lastKnownFileType = sourcecode.swift; path = CoreDataStack.swift; sourceTree = "<group>"; };
		91366BF41D9C8A610025E83C /* Constants.swift */ = {isa = PBXFileReference; fileEncoding = 4; lastKnownFileType = sourcecode.swift; path = Constants.swift; sourceTree = "<group>"; };
		913941F81D9EB2370006F3F2 /* Rechability.swift */ = {isa = PBXFileReference; fileEncoding = 4; lastKnownFileType = sourcecode.swift; path = Rechability.swift; sourceTree = "<group>"; };
		913941FA1D9EC7BC0006F3F2 /* RechabilityConvenience.swift */ = {isa = PBXFileReference; fileEncoding = 4; lastKnownFileType = sourcecode.swift; path = RechabilityConvenience.swift; sourceTree = "<group>"; };
		913941FC1D9EEC220006F3F2 /* ShowErrorAlert.swift */ = {isa = PBXFileReference; fileEncoding = 4; lastKnownFileType = sourcecode.swift; path = ShowErrorAlert.swift; sourceTree = "<group>"; };
		91426FE71E7608F900A719FB /* RoundedView.swift */ = {isa = PBXFileReference; fileEncoding = 4; lastKnownFileType = sourcecode.swift; path = RoundedView.swift; sourceTree = "<group>"; };
		91441C5B1D9A1F4F00399D2F /* CategoriesCell.swift */ = {isa = PBXFileReference; fileEncoding = 4; lastKnownFileType = sourcecode.swift; path = CategoriesCell.swift; sourceTree = "<group>"; };
		91441C5D1D9A252F00399D2F /* Category.swift */ = {isa = PBXFileReference; fileEncoding = 4; lastKnownFileType = sourcecode.swift; path = Category.swift; sourceTree = "<group>"; };
		91441C5F1D9A260800399D2F /* Catalog.swift */ = {isa = PBXFileReference; fileEncoding = 4; lastKnownFileType = sourcecode.swift; path = Catalog.swift; sourceTree = "<group>"; };
		91441C611D9A2BB200399D2F /* SongCell.swift */ = {isa = PBXFileReference; fileEncoding = 4; lastKnownFileType = sourcecode.swift; path = SongCell.swift; sourceTree = "<group>"; };
		915105B31D95C83E003B8B58 /* AnimationController.swift */ = {isa = PBXFileReference; fileEncoding = 4; lastKnownFileType = sourcecode.swift; path = AnimationController.swift; sourceTree = "<group>"; };
		915105B51D95D22C003B8B58 /* DismissAnimationController.swift */ = {isa = PBXFileReference; fileEncoding = 4; lastKnownFileType = sourcecode.swift; path = DismissAnimationController.swift; sourceTree = "<group>"; };
/* End PBXFileReference section */

/* Begin PBXFrameworksBuildPhase section */
		911AB6A51D9321C7007981DE /* Frameworks */ = {
			isa = PBXFrameworksBuildPhase;
			buildActionMask = 2147483647;
			files = (
				916243B29C2A267AB288045F /* Pods_Musicly.framework in Frameworks */,
			);
			runOnlyForDeploymentPostprocessing = 0;
		};
/* End PBXFrameworksBuildPhase section */

/* Begin PBXGroup section */
		1996DE53FD8D2906A0C79AAD /* Pods */ = {
			isa = PBXGroup;
			children = (
				60197B5A1CFF6DA6F1F96A36 /* Pods-Musicly.debug.xcconfig */,
				465FC421F5BD527259F61DE3 /* Pods-Musicly.release.xcconfig */,
			);
			name = Pods;
			sourceTree = "<group>";
		};
		911AB69F1D9321C7007981DE = {
			isa = PBXGroup;
			children = (
				911AB6AA1D9321C7007981DE /* Musicly */,
				911AB6A91D9321C7007981DE /* Products */,
				1996DE53FD8D2906A0C79AAD /* Pods */,
				BB5FA505F244D9F7E245BE24 /* Frameworks */,
			);
			sourceTree = "<group>";
		};
		911AB6A91D9321C7007981DE /* Products */ = {
			isa = PBXGroup;
			children = (
				911AB6A81D9321C7007981DE /* Musicly.app */,
			);
			name = Products;
			sourceTree = "<group>";
		};
		911AB6AA1D9321C7007981DE /* Musicly */ = {
			isa = PBXGroup;
			children = (
				911AB6C41D933512007981DE /* Spotify */,
				911AB6C21D932E10007981DE /* Model */,
				911AB6C31D932E17007981DE /* View */,
				911AB6C11D932E0A007981DE /* Controller */,
				911AB6AB1D9321C7007981DE /* AppDelegate.swift */,
				911AB6B41D9321C7007981DE /* Assets.xcassets */,
				911AB6B91D9321C7007981DE /* Info.plist */,
				911AB6D11D9370D2007981DE /* GCDBlackBox.swift */,
			);
			path = Musicly;
			sourceTree = "<group>";
		};
		911AB6C11D932E0A007981DE /* Controller */ = {
			isa = PBXGroup;
			children = (
				911AB6AD1D9321C7007981DE /* HomeViewController.swift */,
				911AB6AF1D9321C7007981DE /* SearchViewController.swift */,
				911AB6BF1D932DF7007981DE /* FavoritesViewController.swift */,
				911A3D5F1D9473190002C0C0 /* PlayAudioViewController.swift */,
			);
			name = Controller;
			sourceTree = "<group>";
		};
		911AB6C21D932E10007981DE /* Model */ = {
			isa = PBXGroup;
			children = (
				912A811E1D97A3E60066AB27 /* ManagedObjects */,
				911AB6C91D9339FD007981DE /* AudioTrack.swift */,
				911AB6CD1D935604007981DE /* AudioTrackResults.swift */,
				911AB6CF1D936AE7007981DE /* AudioTrackTableViewCell.swift */,
				91179D931D98722400A7B9A0 /* FavoritesTableViewCell.swift */,
				911A3D5D1D94656F0002C0C0 /* NoSearchResultsTableViewCell.swift */,
				91115FFB1D9711F200712B14 /* Model.xcdatamodeld */,
				912A811F1D97B0CC0066AB27 /* CoreDataStack.swift */,
				91441C5B1D9A1F4F00399D2F /* CategoriesCell.swift */,
				91441C5D1D9A252F00399D2F /* Category.swift */,
				91441C5F1D9A260800399D2F /* Catalog.swift */,
				91441C611D9A2BB200399D2F /* SongCell.swift */,
				913941F81D9EB2370006F3F2 /* Rechability.swift */,
				913941FA1D9EC7BC0006F3F2 /* RechabilityConvenience.swift */,
				913941FC1D9EEC220006F3F2 /* ShowErrorAlert.swift */,
			);
			name = Model;
			sourceTree = "<group>";
		};
		911AB6C31D932E17007981DE /* View */ = {
			isa = PBXGroup;
			children = (
				911AB6B11D9321C7007981DE /* Main.storyboard */,
				911AB6B61D9321C7007981DE /* LaunchScreen.storyboard */,
				911A3D591D94616A0002C0C0 /* NoSearchResultsFound.xib */,
				9116FE8F1D9527DD009A5BDA /* DimmingPresentationController.swift */,
				9116FE911D95317F009A5BDA /* GradientView.swift */,
				915105B31D95C83E003B8B58 /* AnimationController.swift */,
				915105B51D95D22C003B8B58 /* DismissAnimationController.swift */,
				91115FF91D97040E00712B14 /* HudView.swift */,
				91426FE71E7608F900A719FB /* RoundedView.swift */,
			);
			name = View;
			sourceTree = "<group>";
		};
		911AB6C41D933512007981DE /* Spotify */ = {
			isa = PBXGroup;
			children = (
				911AB6C51D933526007981DE /* SpotifyClient.swift */,
				911AB6C71D933551007981DE /* SpotifyConvenience.swift */,
				91366BF41D9C8A610025E83C /* Constants.swift */,
			);
			name = Spotify;
			sourceTree = "<group>";
		};
		912A811E1D97A3E60066AB27 /* ManagedObjects */ = {
			isa = PBXGroup;
			children = (
				912A81121D97A3CD0066AB27 /* RecentlyPlayed+CoreDataClass.swift */,
				912A81131D97A3CD0066AB27 /* RecentlyPlayed+CoreDataProperties.swift */,
				912A81141D97A3CD0066AB27 /* Favorited+CoreDataClass.swift */,
				912A81151D97A3CD0066AB27 /* Favorited+CoreDataProperties.swift */,
				912A81161D97A3CD0066AB27 /* ArtistTrack+CoreDataClass.swift */,
				912A81171D97A3CD0066AB27 /* ArtistTrack+CoreDataProperties.swift */,
			);
			name = ManagedObjects;
			sourceTree = "<group>";
		};
		BB5FA505F244D9F7E245BE24 /* Frameworks */ = {
			isa = PBXGroup;
			children = (
				79D93D5BD8AF6C5396C0C7CB /* Pods_Musicly.framework */,
			);
			name = Frameworks;
			sourceTree = "<group>";
		};
/* End PBXGroup section */

/* Begin PBXNativeTarget section */
		911AB6A71D9321C7007981DE /* Musicly */ = {
			isa = PBXNativeTarget;
			buildConfigurationList = 911AB6BC1D9321C7007981DE /* Build configuration list for PBXNativeTarget "Musicly" */;
			buildPhases = (
				7EE452A08B4C2563EB10E936 /* [CP] Check Pods Manifest.lock */,
				911AB6A41D9321C7007981DE /* Sources */,
				911AB6A51D9321C7007981DE /* Frameworks */,
				911AB6A61D9321C7007981DE /* Resources */,
				7B934EBDCA6982118543CF76 /* [CP] Embed Pods Frameworks */,
				860196F2C5412E63D71AA23A /* [CP] Copy Pods Resources */,
			);
			buildRules = (
			);
			dependencies = (
			);
			name = Musicly;
			productName = Musicly;
			productReference = 911AB6A81D9321C7007981DE /* Musicly.app */;
			productType = "com.apple.product-type.application";
		};
/* End PBXNativeTarget section */

/* Begin PBXProject section */
		911AB6A01D9321C7007981DE /* Project object */ = {
			isa = PBXProject;
			attributes = {
				LastSwiftUpdateCheck = 0800;
				LastUpgradeCheck = 0820;
				ORGANIZATIONNAME = SeanPerez;
				TargetAttributes = {
					911AB6A71D9321C7007981DE = {
						CreatedOnToolsVersion = 8.0;
						DevelopmentTeam = PW5CGBBSUC;
						ProvisioningStyle = Automatic;
					};
				};
			};
			buildConfigurationList = 911AB6A31D9321C7007981DE /* Build configuration list for PBXProject "Musicly" */;
			compatibilityVersion = "Xcode 3.2";
			developmentRegion = English;
			hasScannedForEncodings = 0;
			knownRegions = (
				en,
				Base,
			);
			mainGroup = 911AB69F1D9321C7007981DE;
			productRefGroup = 911AB6A91D9321C7007981DE /* Products */;
			projectDirPath = "";
			projectRoot = "";
			targets = (
				911AB6A71D9321C7007981DE /* Musicly */,
			);
		};
/* End PBXProject section */

/* Begin PBXResourcesBuildPhase section */
		911AB6A61D9321C7007981DE /* Resources */ = {
			isa = PBXResourcesBuildPhase;
			buildActionMask = 2147483647;
			files = (
				911AB6B81D9321C7007981DE /* LaunchScreen.storyboard in Resources */,
				911AB6B51D9321C7007981DE /* Assets.xcassets in Resources */,
				911A3D5A1D94616A0002C0C0 /* NoSearchResultsFound.xib in Resources */,
				911AB6B31D9321C7007981DE /* Main.storyboard in Resources */,
			);
			runOnlyForDeploymentPostprocessing = 0;
		};
/* End PBXResourcesBuildPhase section */

/* Begin PBXShellScriptBuildPhase section */
		7B934EBDCA6982118543CF76 /* [CP] Embed Pods Frameworks */ = {
			isa = PBXShellScriptBuildPhase;
			buildActionMask = 2147483647;
			files = (
			);
			inputPaths = (
			);
			name = "[CP] Embed Pods Frameworks";
			outputPaths = (
			);
			runOnlyForDeploymentPostprocessing = 0;
			shellPath = /bin/sh;
			shellScript = "\"${SRCROOT}/Pods/Target Support Files/Pods-Musicly/Pods-Musicly-frameworks.sh\"\n";
			showEnvVarsInLog = 0;
		};
		7EE452A08B4C2563EB10E936 /* [CP] Check Pods Manifest.lock */ = {
			isa = PBXShellScriptBuildPhase;
			buildActionMask = 2147483647;
			files = (
			);
			inputPaths = (
			);
			name = "[CP] Check Pods Manifest.lock";
			outputPaths = (
			);
			runOnlyForDeploymentPostprocessing = 0;
			shellPath = /bin/sh;
			shellScript = "diff \"${PODS_ROOT}/../Podfile.lock\" \"${PODS_ROOT}/Manifest.lock\" > /dev/null\nif [ $? != 0 ] ; then\n    # print error to STDERR\n    echo \"error: The sandbox is not in sync with the Podfile.lock. Run 'pod install' or update your CocoaPods installation.\" >&2\n    exit 1\nfi\n";
			showEnvVarsInLog = 0;
		};
		860196F2C5412E63D71AA23A /* [CP] Copy Pods Resources */ = {
			isa = PBXShellScriptBuildPhase;
			buildActionMask = 2147483647;
			files = (
			);
			inputPaths = (
			);
			name = "[CP] Copy Pods Resources";
			outputPaths = (
			);
			runOnlyForDeploymentPostprocessing = 0;
			shellPath = /bin/sh;
			shellScript = "\"${SRCROOT}/Pods/Target Support Files/Pods-Musicly/Pods-Musicly-resources.sh\"\n";
			showEnvVarsInLog = 0;
		};
/* End PBXShellScriptBuildPhase section */

/* Begin PBXSourcesBuildPhase section */
		911AB6A41D9321C7007981DE /* Sources */ = {
			isa = PBXSourcesBuildPhase;
			buildActionMask = 2147483647;
			files = (
				911AB6C81D933551007981DE /* SpotifyConvenience.swift in Sources */,
				91179D941D98722400A7B9A0 /* FavoritesTableViewCell.swift in Sources */,
				9116FE901D9527DD009A5BDA /* DimmingPresentationController.swift in Sources */,
				912A811C1D97A3CD0066AB27 /* ArtistTrack+CoreDataClass.swift in Sources */,
				912A81181D97A3CD0066AB27 /* RecentlyPlayed+CoreDataClass.swift in Sources */,
				9116FE921D95317F009A5BDA /* GradientView.swift in Sources */,
				911A3D5E1D94656F0002C0C0 /* NoSearchResultsTableViewCell.swift in Sources */,
				911AB6B01D9321C7007981DE /* SearchViewController.swift in Sources */,
				91441C5C1D9A1F4F00399D2F /* CategoriesCell.swift in Sources */,
				91366BF51D9C8A610025E83C /* Constants.swift in Sources */,
				911AB6AC1D9321C7007981DE /* AppDelegate.swift in Sources */,
				911AB6C01D932DF7007981DE /* FavoritesViewController.swift in Sources */,
				911A3D601D9473190002C0C0 /* PlayAudioViewController.swift in Sources */,
				912A811B1D97A3CD0066AB27 /* Favorited+CoreDataProperties.swift in Sources */,
				91115FFA1D97040E00712B14 /* HudView.swift in Sources */,
				915105B41D95C83E003B8B58 /* AnimationController.swift in Sources */,
				913941FD1D9EEC220006F3F2 /* ShowErrorAlert.swift in Sources */,
				91441C601D9A260800399D2F /* Catalog.swift in Sources */,
				911AB6D21D9370D2007981DE /* GCDBlackBox.swift in Sources */,
				912A811D1D97A3CD0066AB27 /* ArtistTrack+CoreDataProperties.swift in Sources */,
				91441C621D9A2BB200399D2F /* SongCell.swift in Sources */,
				913941FB1D9EC7BC0006F3F2 /* RechabilityConvenience.swift in Sources */,
				911AB6CE1D935604007981DE /* AudioTrackResults.swift in Sources */,
				91426FE81E7608F900A719FB /* RoundedView.swift in Sources */,
				911AB6D01D936AE7007981DE /* AudioTrackTableViewCell.swift in Sources */,
				915105B61D95D22C003B8B58 /* DismissAnimationController.swift in Sources */,
				911AB6C61D933526007981DE /* SpotifyClient.swift in Sources */,
				912A81201D97B0CC0066AB27 /* CoreDataStack.swift in Sources */,
				911AB6AE1D9321C7007981DE /* HomeViewController.swift in Sources */,
				912A81191D97A3CD0066AB27 /* RecentlyPlayed+CoreDataProperties.swift in Sources */,
				912A811A1D97A3CD0066AB27 /* Favorited+CoreDataClass.swift in Sources */,
				913941F91D9EB2370006F3F2 /* Rechability.swift in Sources */,
				91441C5E1D9A252F00399D2F /* Category.swift in Sources */,
				911AB6CA1D9339FD007981DE /* AudioTrack.swift in Sources */,
				91115FFD1D9711F200712B14 /* Model.xcdatamodeld in Sources */,
			);
			runOnlyForDeploymentPostprocessing = 0;
		};
/* End PBXSourcesBuildPhase section */

/* Begin PBXVariantGroup section */
		911AB6B11D9321C7007981DE /* Main.storyboard */ = {
			isa = PBXVariantGroup;
			children = (
				911AB6B21D9321C7007981DE /* Base */,
			);
			name = Main.storyboard;
			sourceTree = "<group>";
		};
		911AB6B61D9321C7007981DE /* LaunchScreen.storyboard */ = {
			isa = PBXVariantGroup;
			children = (
				911AB6B71D9321C7007981DE /* Base */,
			);
			name = LaunchScreen.storyboard;
			sourceTree = "<group>";
		};
/* End PBXVariantGroup section */

/* Begin XCBuildConfiguration section */
		911AB6BA1D9321C7007981DE /* Debug */ = {
			isa = XCBuildConfiguration;
			buildSettings = {
				ALWAYS_SEARCH_USER_PATHS = NO;
				CLANG_ANALYZER_NONNULL = YES;
				CLANG_CXX_LANGUAGE_STANDARD = "gnu++0x";
				CLANG_CXX_LIBRARY = "libc++";
				CLANG_ENABLE_MODULES = YES;
				CLANG_ENABLE_OBJC_ARC = YES;
				CLANG_WARN_BOOL_CONVERSION = YES;
				CLANG_WARN_CONSTANT_CONVERSION = YES;
				CLANG_WARN_DIRECT_OBJC_ISA_USAGE = YES_ERROR;
				CLANG_WARN_DOCUMENTATION_COMMENTS = YES;
				CLANG_WARN_EMPTY_BODY = YES;
				CLANG_WARN_ENUM_CONVERSION = YES;
				CLANG_WARN_INFINITE_RECURSION = YES;
				CLANG_WARN_INT_CONVERSION = YES;
				CLANG_WARN_OBJC_ROOT_CLASS = YES_ERROR;
				CLANG_WARN_SUSPICIOUS_MOVE = YES;
				CLANG_WARN_SUSPICIOUS_MOVES = YES;
				CLANG_WARN_UNREACHABLE_CODE = YES;
				CLANG_WARN__DUPLICATE_METHOD_MATCH = YES;
				"CODE_SIGN_IDENTITY[sdk=iphoneos*]" = "iPhone Developer";
				COPY_PHASE_STRIP = NO;
				DEBUG_INFORMATION_FORMAT = dwarf;
				ENABLE_STRICT_OBJC_MSGSEND = YES;
				ENABLE_TESTABILITY = YES;
				GCC_C_LANGUAGE_STANDARD = gnu99;
				GCC_DYNAMIC_NO_PIC = NO;
				GCC_NO_COMMON_BLOCKS = YES;
				GCC_OPTIMIZATION_LEVEL = 0;
				GCC_PREPROCESSOR_DEFINITIONS = (
					"DEBUG=1",
					"$(inherited)",
				);
				GCC_WARN_64_TO_32_BIT_CONVERSION = YES;
				GCC_WARN_ABOUT_RETURN_TYPE = YES_ERROR;
				GCC_WARN_UNDECLARED_SELECTOR = YES;
				GCC_WARN_UNINITIALIZED_AUTOS = YES_AGGRESSIVE;
				GCC_WARN_UNUSED_FUNCTION = YES;
				GCC_WARN_UNUSED_VARIABLE = YES;
				IPHONEOS_DEPLOYMENT_TARGET = 10.0;
				MTL_ENABLE_DEBUG_INFO = YES;
				ONLY_ACTIVE_ARCH = YES;
				SDKROOT = iphoneos;
				SWIFT_ACTIVE_COMPILATION_CONDITIONS = DEBUG;
				SWIFT_OPTIMIZATION_LEVEL = "-Onone";
			};
			name = Debug;
		};
		911AB6BB1D9321C7007981DE /* Release */ = {
			isa = XCBuildConfiguration;
			buildSettings = {
				ALWAYS_SEARCH_USER_PATHS = NO;
				CLANG_ANALYZER_NONNULL = YES;
				CLANG_CXX_LANGUAGE_STANDARD = "gnu++0x";
				CLANG_CXX_LIBRARY = "libc++";
				CLANG_ENABLE_MODULES = YES;
				CLANG_ENABLE_OBJC_ARC = YES;
				CLANG_WARN_BOOL_CONVERSION = YES;
				CLANG_WARN_CONSTANT_CONVERSION = YES;
				CLANG_WARN_DIRECT_OBJC_ISA_USAGE = YES_ERROR;
				CLANG_WARN_DOCUMENTATION_COMMENTS = YES;
				CLANG_WARN_EMPTY_BODY = YES;
				CLANG_WARN_ENUM_CONVERSION = YES;
				CLANG_WARN_INFINITE_RECURSION = YES;
				CLANG_WARN_INT_CONVERSION = YES;
				CLANG_WARN_OBJC_ROOT_CLASS = YES_ERROR;
				CLANG_WARN_SUSPICIOUS_MOVE = YES;
				CLANG_WARN_SUSPICIOUS_MOVES = YES;
				CLANG_WARN_UNREACHABLE_CODE = YES;
				CLANG_WARN__DUPLICATE_METHOD_MATCH = YES;
				"CODE_SIGN_IDENTITY[sdk=iphoneos*]" = "iPhone Developer";
				COPY_PHASE_STRIP = NO;
				DEBUG_INFORMATION_FORMAT = "dwarf-with-dsym";
				ENABLE_NS_ASSERTIONS = NO;
				ENABLE_STRICT_OBJC_MSGSEND = YES;
				GCC_C_LANGUAGE_STANDARD = gnu99;
				GCC_NO_COMMON_BLOCKS = YES;
				GCC_WARN_64_TO_32_BIT_CONVERSION = YES;
				GCC_WARN_ABOUT_RETURN_TYPE = YES_ERROR;
				GCC_WARN_UNDECLARED_SELECTOR = YES;
				GCC_WARN_UNINITIALIZED_AUTOS = YES_AGGRESSIVE;
				GCC_WARN_UNUSED_FUNCTION = YES;
				GCC_WARN_UNUSED_VARIABLE = YES;
				IPHONEOS_DEPLOYMENT_TARGET = 10.0;
				MTL_ENABLE_DEBUG_INFO = NO;
				SDKROOT = iphoneos;
				SWIFT_OPTIMIZATION_LEVEL = "-Owholemodule";
				VALIDATE_PRODUCT = YES;
			};
			name = Release;
		};
		911AB6BD1D9321C7007981DE /* Debug */ = {
			isa = XCBuildConfiguration;
			baseConfigurationReference = 60197B5A1CFF6DA6F1F96A36 /* Pods-Musicly.debug.xcconfig */;
			buildSettings = {
				ASSETCATALOG_COMPILER_APPICON_NAME = AppIcon;
				DEVELOPMENT_TEAM = PW5CGBBSUC;
				INFOPLIST_FILE = Musicly/Info.plist;
				LD_RUNPATH_SEARCH_PATHS = "$(inherited) @executable_path/Frameworks";
				PRODUCT_BUNDLE_IDENTIFIER = com.SeanPerez.Musicly;
				PRODUCT_NAME = "$(TARGET_NAME)";
				SWIFT_OPTIMIZATION_LEVEL = "-Onone";
				SWIFT_VERSION = 3.0;
			};
			name = Debug;
		};
		911AB6BE1D9321C7007981DE /* Release */ = {
			isa = XCBuildConfiguration;
			baseConfigurationReference = 465FC421F5BD527259F61DE3 /* Pods-Musicly.release.xcconfig */;
			buildSettings = {
				ASSETCATALOG_COMPILER_APPICON_NAME = AppIcon;
				DEVELOPMENT_TEAM = PW5CGBBSUC;
				INFOPLIST_FILE = Musicly/Info.plist;
				LD_RUNPATH_SEARCH_PATHS = "$(inherited) @executable_path/Frameworks";
				PRODUCT_BUNDLE_IDENTIFIER = com.SeanPerez.Musicly;
				PRODUCT_NAME = "$(TARGET_NAME)";
				SWIFT_VERSION = 3.0;
			};
			name = Release;
		};
/* End XCBuildConfiguration section */

/* Begin XCConfigurationList section */
		911AB6A31D9321C7007981DE /* Build configuration list for PBXProject "Musicly" */ = {
			isa = XCConfigurationList;
			buildConfigurations = (
				911AB6BA1D9321C7007981DE /* Debug */,
				911AB6BB1D9321C7007981DE /* Release */,
			);
			defaultConfigurationIsVisible = 0;
			defaultConfigurationName = Release;
		};
		911AB6BC1D9321C7007981DE /* Build configuration list for PBXNativeTarget "Musicly" */ = {
			isa = XCConfigurationList;
			buildConfigurations = (
				911AB6BD1D9321C7007981DE /* Debug */,
				911AB6BE1D9321C7007981DE /* Release */,
			);
			defaultConfigurationIsVisible = 0;
			defaultConfigurationName = Release;
		};
/* End XCConfigurationList section */

/* Begin XCVersionGroup section */
		91115FFB1D9711F200712B14 /* Model.xcdatamodeld */ = {
			isa = XCVersionGroup;
			children = (
				91115FFC1D9711F200712B14 /* Model.xcdatamodel */,
			);
			currentVersion = 91115FFC1D9711F200712B14 /* Model.xcdatamodel */;
			path = Model.xcdatamodeld;
			sourceTree = "<group>";
			versionGroupType = wrapper.xcdatamodel;
		};
/* End XCVersionGroup section */
	};
	rootObject = 911AB6A01D9321C7007981DE /* Project object */;
}
